// !$*UTF8*$!
{
	archiveVersion = 1;
	classes = {
	};
	objectVersion = 50;
	objects = {

/* Begin PBXBuildFile section */
		4D8D07D8207C9B1E00519D89 /* AppDelegate.swift in Sources */ = {isa = PBXBuildFile; fileRef = 4D8D07D7207C9B1E00519D89 /* AppDelegate.swift */; };
		4D8D07DA207C9B1E00519D89 /* ViewController.swift in Sources */ = {isa = PBXBuildFile; fileRef = 4D8D07D9207C9B1E00519D89 /* ViewController.swift */; };
		4D8D07DD207C9B1E00519D89 /* Main.storyboard in Resources */ = {isa = PBXBuildFile; fileRef = 4D8D07DB207C9B1E00519D89 /* Main.storyboard */; };
		4D8D07DF207C9B2000519D89 /* Assets.xcassets in Resources */ = {isa = PBXBuildFile; fileRef = 4D8D07DE207C9B2000519D89 /* Assets.xcassets */; };
		4D8D07E2207C9B2000519D89 /* LaunchScreen.storyboard in Resources */ = {isa = PBXBuildFile; fileRef = 4D8D07E0207C9B2000519D89 /* LaunchScreen.storyboard */; };
		4D8D07ED207C9B2000519D89 /* chapter_iosTests.swift in Sources */ = {isa = PBXBuildFile; fileRef = 4D8D07EC207C9B2000519D89 /* chapter_iosTests.swift */; };
		4D8D07F8207C9B2000519D89 /* chapter_iosUITests.swift in Sources */ = {isa = PBXBuildFile; fileRef = 4D8D07F7207C9B2000519D89 /* chapter_iosUITests.swift */; };
		4D8D0807207C9EFB00519D89 /* KotlinChapterCore.framework in Frameworks */ = {isa = PBXBuildFile; fileRef = 4D8D0806207C9EFB00519D89 /* KotlinChapterCore.framework */; };
		4D8D0809207C9EFF00519D89 /* KotlinChapterCore.framework in Embed Frameworks */ = {isa = PBXBuildFile; fileRef = 4D8D0806207C9EFB00519D89 /* KotlinChapterCore.framework */; settings = {ATTRIBUTES = (CodeSignOnCopy, RemoveHeadersOnCopy, ); }; };
/* End PBXBuildFile section */

/* Begin PBXContainerItemProxy section */
		4D8D07E9207C9B2000519D89 /* PBXContainerItemProxy */ = {
			isa = PBXContainerItemProxy;
			containerPortal = 4D8D07CC207C9B1E00519D89 /* Project object */;
			proxyType = 1;
			remoteGlobalIDString = 4D8D07D3207C9B1E00519D89;
			remoteInfo = "chapter-ios";
		};
		4D8D07F4207C9B2000519D89 /* PBXContainerItemProxy */ = {
			isa = PBXContainerItemProxy;
			containerPortal = 4D8D07CC207C9B1E00519D89 /* Project object */;
			proxyType = 1;
			remoteGlobalIDString = 4D8D07D3207C9B1E00519D89;
			remoteInfo = "chapter-ios";
		};
/* End PBXContainerItemProxy section */

/* Begin PBXCopyFilesBuildPhase section */
		4D8D080A207C9EFF00519D89 /* Embed Frameworks */ = {
			isa = PBXCopyFilesBuildPhase;
			buildActionMask = 2147483647;
			dstPath = "";
			dstSubfolderSpec = 10;
			files = (
				4D8D0809207C9EFF00519D89 /* KotlinChapterCore.framework in Embed Frameworks */,
			);
			name = "Embed Frameworks";
			runOnlyForDeploymentPostprocessing = 0;
		};
/* End PBXCopyFilesBuildPhase section */

/* Begin PBXFileReference section */
		4D8D07D4207C9B1E00519D89 /* chapter-ios.app */ = {isa = PBXFileReference; explicitFileType = wrapper.application; includeInIndex = 0; path = "chapter-ios.app"; sourceTree = BUILT_PRODUCTS_DIR; };
		4D8D07D7207C9B1E00519D89 /* AppDelegate.swift */ = {isa = PBXFileReference; lastKnownFileType = sourcecode.swift; path = AppDelegate.swift; sourceTree = "<group>"; };
		4D8D07D9207C9B1E00519D89 /* ViewController.swift */ = {isa = PBXFileReference; lastKnownFileType = sourcecode.swift; path = ViewController.swift; sourceTree = "<group>"; };
		4D8D07DC207C9B1E00519D89 /* Base */ = {isa = PBXFileReference; lastKnownFileType = file.storyboard; name = Base; path = Base.lproj/Main.storyboard; sourceTree = "<group>"; };
		4D8D07DE207C9B2000519D89 /* Assets.xcassets */ = {isa = PBXFileReference; lastKnownFileType = folder.assetcatalog; path = Assets.xcassets; sourceTree = "<group>"; };
		4D8D07E1207C9B2000519D89 /* Base */ = {isa = PBXFileReference; lastKnownFileType = file.storyboard; name = Base; path = Base.lproj/LaunchScreen.storyboard; sourceTree = "<group>"; };
		4D8D07E3207C9B2000519D89 /* Info.plist */ = {isa = PBXFileReference; lastKnownFileType = text.plist.xml; path = Info.plist; sourceTree = "<group>"; };
		4D8D07E8207C9B2000519D89 /* chapter-iosTests.xctest */ = {isa = PBXFileReference; explicitFileType = wrapper.cfbundle; includeInIndex = 0; path = "chapter-iosTests.xctest"; sourceTree = BUILT_PRODUCTS_DIR; };
		4D8D07EC207C9B2000519D89 /* chapter_iosTests.swift */ = {isa = PBXFileReference; lastKnownFileType = sourcecode.swift; path = chapter_iosTests.swift; sourceTree = "<group>"; };
		4D8D07EE207C9B2000519D89 /* Info.plist */ = {isa = PBXFileReference; lastKnownFileType = text.plist.xml; path = Info.plist; sourceTree = "<group>"; };
		4D8D07F3207C9B2000519D89 /* chapter-iosUITests.xctest */ = {isa = PBXFileReference; explicitFileType = wrapper.cfbundle; includeInIndex = 0; path = "chapter-iosUITests.xctest"; sourceTree = BUILT_PRODUCTS_DIR; };
		4D8D07F7207C9B2000519D89 /* chapter_iosUITests.swift */ = {isa = PBXFileReference; lastKnownFileType = sourcecode.swift; path = chapter_iosUITests.swift; sourceTree = "<group>"; };
		4D8D07F9207C9B2000519D89 /* Info.plist */ = {isa = PBXFileReference; lastKnownFileType = text.plist.xml; path = Info.plist; sourceTree = "<group>"; };
		4D8D0806207C9EFB00519D89 /* KotlinChapterCore.framework */ = {isa = PBXFileReference; lastKnownFileType = wrapper.framework; name = KotlinChapterCore.framework; path = build/konan/bin/iphone_sim/KotlinChapterCore.framework; sourceTree = "<group>"; };
/* End PBXFileReference section */

/* Begin PBXFrameworksBuildPhase section */
		4D8D07D1207C9B1E00519D89 /* Frameworks */ = {
			isa = PBXFrameworksBuildPhase;
			buildActionMask = 2147483647;
			files = (
				4D8D0807207C9EFB00519D89 /* KotlinChapterCore.framework in Frameworks */,
			);
			runOnlyForDeploymentPostprocessing = 0;
		};
		4D8D07E5207C9B2000519D89 /* Frameworks */ = {
			isa = PBXFrameworksBuildPhase;
			buildActionMask = 2147483647;
			files = (
			);
			runOnlyForDeploymentPostprocessing = 0;
		};
		4D8D07F0207C9B2000519D89 /* Frameworks */ = {
			isa = PBXFrameworksBuildPhase;
			buildActionMask = 2147483647;
			files = (
			);
			runOnlyForDeploymentPostprocessing = 0;
		};
/* End PBXFrameworksBuildPhase section */

/* Begin PBXGroup section */
		4D8D07CB207C9B1E00519D89 = {
			isa = PBXGroup;
			children = (
				4D8D07D6207C9B1E00519D89 /* chapter-ios */,
				4D8D07EB207C9B2000519D89 /* chapter-iosTests */,
				4D8D07F6207C9B2000519D89 /* chapter-iosUITests */,
				4D8D07D5207C9B1E00519D89 /* Products */,
				4D8D0805207C9EFB00519D89 /* Frameworks */,
			);
			sourceTree = "<group>";
		};
		4D8D07D5207C9B1E00519D89 /* Products */ = {
			isa = PBXGroup;
			children = (
				4D8D07D4207C9B1E00519D89 /* chapter-ios.app */,
				4D8D07E8207C9B2000519D89 /* chapter-iosTests.xctest */,
				4D8D07F3207C9B2000519D89 /* chapter-iosUITests.xctest */,
			);
			name = Products;
			sourceTree = "<group>";
		};
		4D8D07D6207C9B1E00519D89 /* chapter-ios */ = {
			isa = PBXGroup;
			children = (
				4D8D07D7207C9B1E00519D89 /* AppDelegate.swift */,
				4D8D07D9207C9B1E00519D89 /* ViewController.swift */,
				4D8D07DB207C9B1E00519D89 /* Main.storyboard */,
				4D8D07DE207C9B2000519D89 /* Assets.xcassets */,
				4D8D07E0207C9B2000519D89 /* LaunchScreen.storyboard */,
				4D8D07E3207C9B2000519D89 /* Info.plist */,
			);
			path = "chapter-ios";
			sourceTree = "<group>";
		};
		4D8D07EB207C9B2000519D89 /* chapter-iosTests */ = {
			isa = PBXGroup;
			children = (
				4D8D07EC207C9B2000519D89 /* chapter_iosTests.swift */,
				4D8D07EE207C9B2000519D89 /* Info.plist */,
			);
			path = "chapter-iosTests";
			sourceTree = "<group>";
		};
		4D8D07F6207C9B2000519D89 /* chapter-iosUITests */ = {
			isa = PBXGroup;
			children = (
				4D8D07F7207C9B2000519D89 /* chapter_iosUITests.swift */,
				4D8D07F9207C9B2000519D89 /* Info.plist */,
			);
			path = "chapter-iosUITests";
			sourceTree = "<group>";
		};
		4D8D0805207C9EFB00519D89 /* Frameworks */ = {
			isa = PBXGroup;
			children = (
				4D8D0806207C9EFB00519D89 /* KotlinChapterCore.framework */,
			);
			name = Frameworks;
			sourceTree = "<group>";
		};
/* End PBXGroup section */

/* Begin PBXNativeTarget section */
		4D8D07D3207C9B1E00519D89 /* chapter-ios */ = {
			isa = PBXNativeTarget;
			buildConfigurationList = 4D8D07FC207C9B2000519D89 /* Build configuration list for PBXNativeTarget "chapter-ios" */;
			buildPhases = (
				4D8D07D0207C9B1E00519D89 /* Sources */,
				4D8D07D1207C9B1E00519D89 /* Frameworks */,
				4D8D07D2207C9B1E00519D89 /* Resources */,
				4D8D080A207C9EFF00519D89 /* Embed Frameworks */,
			);
			buildRules = (
			);
			dependencies = (
			);
			name = "chapter-ios";
			productName = "chapter-ios";
			productReference = 4D8D07D4207C9B1E00519D89 /* chapter-ios.app */;
			productType = "com.apple.product-type.application";
		};
		4D8D07E7207C9B2000519D89 /* chapter-iosTests */ = {
			isa = PBXNativeTarget;
			buildConfigurationList = 4D8D07FF207C9B2000519D89 /* Build configuration list for PBXNativeTarget "chapter-iosTests" */;
			buildPhases = (
				4D8D07E4207C9B2000519D89 /* Sources */,
				4D8D07E5207C9B2000519D89 /* Frameworks */,
				4D8D07E6207C9B2000519D89 /* Resources */,
			);
			buildRules = (
			);
			dependencies = (
				4D8D07EA207C9B2000519D89 /* PBXTargetDependency */,
			);
			name = "chapter-iosTests";
			productName = "chapter-iosTests";
			productReference = 4D8D07E8207C9B2000519D89 /* chapter-iosTests.xctest */;
			productType = "com.apple.product-type.bundle.unit-test";
		};
		4D8D07F2207C9B2000519D89 /* chapter-iosUITests */ = {
			isa = PBXNativeTarget;
			buildConfigurationList = 4D8D0802207C9B2000519D89 /* Build configuration list for PBXNativeTarget "chapter-iosUITests" */;
			buildPhases = (
				4D8D07EF207C9B2000519D89 /* Sources */,
				4D8D07F0207C9B2000519D89 /* Frameworks */,
				4D8D07F1207C9B2000519D89 /* Resources */,
			);
			buildRules = (
			);
			dependencies = (
				4D8D07F5207C9B2000519D89 /* PBXTargetDependency */,
			);
			name = "chapter-iosUITests";
			productName = "chapter-iosUITests";
			productReference = 4D8D07F3207C9B2000519D89 /* chapter-iosUITests.xctest */;
			productType = "com.apple.product-type.bundle.ui-testing";
		};
/* End PBXNativeTarget section */

/* Begin PBXProject section */
		4D8D07CC207C9B1E00519D89 /* Project object */ = {
			isa = PBXProject;
			attributes = {
				LastSwiftUpdateCheck = 0930;
				LastUpgradeCheck = 0930;
				ORGANIZATIONNAME = "Gilson Maciel";
				TargetAttributes = {
					4D8D07D3207C9B1E00519D89 = {
						CreatedOnToolsVersion = 9.3;
					};
					4D8D07E7207C9B2000519D89 = {
						CreatedOnToolsVersion = 9.3;
						TestTargetID = 4D8D07D3207C9B1E00519D89;
					};
					4D8D07F2207C9B2000519D89 = {
						CreatedOnToolsVersion = 9.3;
						TestTargetID = 4D8D07D3207C9B1E00519D89;
					};
				};
			};
			buildConfigurationList = 4D8D07CF207C9B1E00519D89 /* Build configuration list for PBXProject "chapter-ios" */;
			compatibilityVersion = "Xcode 9.3";
			developmentRegion = en;
			hasScannedForEncodings = 0;
			knownRegions = (
				en,
				Base,
			);
			mainGroup = 4D8D07CB207C9B1E00519D89;
			productRefGroup = 4D8D07D5207C9B1E00519D89 /* Products */;
			projectDirPath = "";
			projectRoot = "";
			targets = (
				4D8D07D3207C9B1E00519D89 /* chapter-ios */,
				4D8D07E7207C9B2000519D89 /* chapter-iosTests */,
				4D8D07F2207C9B2000519D89 /* chapter-iosUITests */,
			);
		};
/* End PBXProject section */

/* Begin PBXResourcesBuildPhase section */
		4D8D07D2207C9B1E00519D89 /* Resources */ = {
			isa = PBXResourcesBuildPhase;
			buildActionMask = 2147483647;
			files = (
				4D8D07E2207C9B2000519D89 /* LaunchScreen.storyboard in Resources */,
				4D8D07DF207C9B2000519D89 /* Assets.xcassets in Resources */,
				4D8D07DD207C9B1E00519D89 /* Main.storyboard in Resources */,
			);
			runOnlyForDeploymentPostprocessing = 0;
		};
		4D8D07E6207C9B2000519D89 /* Resources */ = {
			isa = PBXResourcesBuildPhase;
			buildActionMask = 2147483647;
			files = (
			);
			runOnlyForDeploymentPostprocessing = 0;
		};
		4D8D07F1207C9B2000519D89 /* Resources */ = {
			isa = PBXResourcesBuildPhase;
			buildActionMask = 2147483647;
			files = (
			);
			runOnlyForDeploymentPostprocessing = 0;
		};
/* End PBXResourcesBuildPhase section */

/* Begin PBXSourcesBuildPhase section */
		4D8D07D0207C9B1E00519D89 /* Sources */ = {
			isa = PBXSourcesBuildPhase;
			buildActionMask = 2147483647;
			files = (
				4D8D07DA207C9B1E00519D89 /* ViewController.swift in Sources */,
				4D8D07D8207C9B1E00519D89 /* AppDelegate.swift in Sources */,
			);
			runOnlyForDeploymentPostprocessing = 0;
		};
		4D8D07E4207C9B2000519D89 /* Sources */ = {
			isa = PBXSourcesBuildPhase;
			buildActionMask = 2147483647;
			files = (
				4D8D07ED207C9B2000519D89 /* chapter_iosTests.swift in Sources */,
			);
			runOnlyForDeploymentPostprocessing = 0;
		};
		4D8D07EF207C9B2000519D89 /* Sources */ = {
			isa = PBXSourcesBuildPhase;
			buildActionMask = 2147483647;
			files = (
				4D8D07F8207C9B2000519D89 /* chapter_iosUITests.swift in Sources */,
			);
			runOnlyForDeploymentPostprocessing = 0;
		};
/* End PBXSourcesBuildPhase section */

/* Begin PBXTargetDependency section */
		4D8D07EA207C9B2000519D89 /* PBXTargetDependency */ = {
			isa = PBXTargetDependency;
			target = 4D8D07D3207C9B1E00519D89 /* chapter-ios */;
			targetProxy = 4D8D07E9207C9B2000519D89 /* PBXContainerItemProxy */;
		};
		4D8D07F5207C9B2000519D89 /* PBXTargetDependency */ = {
			isa = PBXTargetDependency;
			target = 4D8D07D3207C9B1E00519D89 /* chapter-ios */;
			targetProxy = 4D8D07F4207C9B2000519D89 /* PBXContainerItemProxy */;
		};
/* End PBXTargetDependency section */

/* Begin PBXVariantGroup section */
		4D8D07DB207C9B1E00519D89 /* Main.storyboard */ = {
			isa = PBXVariantGroup;
			children = (
				4D8D07DC207C9B1E00519D89 /* Base */,
			);
			name = Main.storyboard;
			sourceTree = "<group>";
		};
		4D8D07E0207C9B2000519D89 /* LaunchScreen.storyboard */ = {
			isa = PBXVariantGroup;
			children = (
				4D8D07E1207C9B2000519D89 /* Base */,
			);
			name = LaunchScreen.storyboard;
			sourceTree = "<group>";
		};
/* End PBXVariantGroup section */

/* Begin XCBuildConfiguration section */
		4D8D07FA207C9B2000519D89 /* Debug */ = {
			isa = XCBuildConfiguration;
			buildSettings = {
				ALWAYS_SEARCH_USER_PATHS = NO;
				CLANG_ANALYZER_NONNULL = YES;
				CLANG_ANALYZER_NUMBER_OBJECT_CONVERSION = YES_AGGRESSIVE;
				CLANG_CXX_LANGUAGE_STANDARD = "gnu++14";
				CLANG_CXX_LIBRARY = "libc++";
				CLANG_ENABLE_MODULES = YES;
				CLANG_ENABLE_OBJC_ARC = YES;
				CLANG_ENABLE_OBJC_WEAK = YES;
				CLANG_WARN_BLOCK_CAPTURE_AUTORELEASING = YES;
				CLANG_WARN_BOOL_CONVERSION = YES;
				CLANG_WARN_COMMA = YES;
				CLANG_WARN_CONSTANT_CONVERSION = YES;
				CLANG_WARN_DEPRECATED_OBJC_IMPLEMENTATIONS = YES;
				CLANG_WARN_DIRECT_OBJC_ISA_USAGE = YES_ERROR;
				CLANG_WARN_DOCUMENTATION_COMMENTS = YES;
				CLANG_WARN_EMPTY_BODY = YES;
				CLANG_WARN_ENUM_CONVERSION = YES;
				CLANG_WARN_INFINITE_RECURSION = YES;
				CLANG_WARN_INT_CONVERSION = YES;
				CLANG_WARN_NON_LITERAL_NULL_CONVERSION = YES;
				CLANG_WARN_OBJC_IMPLICIT_RETAIN_SELF = YES;
				CLANG_WARN_OBJC_LITERAL_CONVERSION = YES;
				CLANG_WARN_OBJC_ROOT_CLASS = YES_ERROR;
				CLANG_WARN_RANGE_LOOP_ANALYSIS = YES;
				CLANG_WARN_STRICT_PROTOTYPES = YES;
				CLANG_WARN_SUSPICIOUS_MOVE = YES;
				CLANG_WARN_UNGUARDED_AVAILABILITY = YES_AGGRESSIVE;
				CLANG_WARN_UNREACHABLE_CODE = YES;
				CLANG_WARN__DUPLICATE_METHOD_MATCH = YES;
				CODE_SIGN_IDENTITY = "iPhone Developer";
				COPY_PHASE_STRIP = NO;
				DEBUG_INFORMATION_FORMAT = dwarf;
				ENABLE_STRICT_OBJC_MSGSEND = YES;
				ENABLE_TESTABILITY = YES;
				GCC_C_LANGUAGE_STANDARD = gnu11;
				GCC_DYNAMIC_NO_PIC = NO;
				GCC_NO_COMMON_BLOCKS = YES;
				GCC_OPTIMIZATION_LEVEL = 0;
				GCC_PREPROCESSOR_DEFINITIONS = (
					"DEBUG=1",
					"$(inherited)",
				);
				GCC_WARN_64_TO_32_BIT_CONVERSION = YES;
				GCC_WARN_ABOUT_RETURN_TYPE = YES_ERROR;
				GCC_WARN_UNDECLARED_SELECTOR = YES;
				GCC_WARN_UNINITIALIZED_AUTOS = YES_AGGRESSIVE;
				GCC_WARN_UNUSED_FUNCTION = YES;
				GCC_WARN_UNUSED_VARIABLE = YES;
				IPHONEOS_DEPLOYMENT_TARGET = 11.3;
				MTL_ENABLE_DEBUG_INFO = YES;
				ONLY_ACTIVE_ARCH = YES;
				SDKROOT = iphoneos;
				SWIFT_ACTIVE_COMPILATION_CONDITIONS = DEBUG;
				SWIFT_OPTIMIZATION_LEVEL = "-Onone";
			};
			name = Debug;
		};
		4D8D07FB207C9B2000519D89 /* Release */ = {
			isa = XCBuildConfiguration;
			buildSettings = {
				ALWAYS_SEARCH_USER_PATHS = NO;
				CLANG_ANALYZER_NONNULL = YES;
				CLANG_ANALYZER_NUMBER_OBJECT_CONVERSION = YES_AGGRESSIVE;
				CLANG_CXX_LANGUAGE_STANDARD = "gnu++14";
				CLANG_CXX_LIBRARY = "libc++";
				CLANG_ENABLE_MODULES = YES;
				CLANG_ENABLE_OBJC_ARC = YES;
				CLANG_ENABLE_OBJC_WEAK = YES;
				CLANG_WARN_BLOCK_CAPTURE_AUTORELEASING = YES;
				CLANG_WARN_BOOL_CONVERSION = YES;
				CLANG_WARN_COMMA = YES;
				CLANG_WARN_CONSTANT_CONVERSION = YES;
				CLANG_WARN_DEPRECATED_OBJC_IMPLEMENTATIONS = YES;
				CLANG_WARN_DIRECT_OBJC_ISA_USAGE = YES_ERROR;
				CLANG_WARN_DOCUMENTATION_COMMENTS = YES;
				CLANG_WARN_EMPTY_BODY = YES;
				CLANG_WARN_ENUM_CONVERSION = YES;
				CLANG_WARN_INFINITE_RECURSION = YES;
				CLANG_WARN_INT_CONVERSION = YES;
				CLANG_WARN_NON_LITERAL_NULL_CONVERSION = YES;
				CLANG_WARN_OBJC_IMPLICIT_RETAIN_SELF = YES;
				CLANG_WARN_OBJC_LITERAL_CONVERSION = YES;
				CLANG_WARN_OBJC_ROOT_CLASS = YES_ERROR;
				CLANG_WARN_RANGE_LOOP_ANALYSIS = YES;
				CLANG_WARN_STRICT_PROTOTYPES = YES;
				CLANG_WARN_SUSPICIOUS_MOVE = YES;
				CLANG_WARN_UNGUARDED_AVAILABILITY = YES_AGGRESSIVE;
				CLANG_WARN_UNREACHABLE_CODE = YES;
				CLANG_WARN__DUPLICATE_METHOD_MATCH = YES;
				CODE_SIGN_IDENTITY = "iPhone Developer";
				COPY_PHASE_STRIP = NO;
				DEBUG_INFORMATION_FORMAT = "dwarf-with-dsym";
				ENABLE_NS_ASSERTIONS = NO;
				ENABLE_STRICT_OBJC_MSGSEND = YES;
				GCC_C_LANGUAGE_STANDARD = gnu11;
				GCC_NO_COMMON_BLOCKS = YES;
				GCC_WARN_64_TO_32_BIT_CONVERSION = YES;
				GCC_WARN_ABOUT_RETURN_TYPE = YES_ERROR;
				GCC_WARN_UNDECLARED_SELECTOR = YES;
				GCC_WARN_UNINITIALIZED_AUTOS = YES_AGGRESSIVE;
				GCC_WARN_UNUSED_FUNCTION = YES;
				GCC_WARN_UNUSED_VARIABLE = YES;
				IPHONEOS_DEPLOYMENT_TARGET = 11.3;
				MTL_ENABLE_DEBUG_INFO = NO;
				SDKROOT = iphoneos;
				SWIFT_COMPILATION_MODE = wholemodule;
				SWIFT_OPTIMIZATION_LEVEL = "-O";
				VALIDATE_PRODUCT = YES;
			};
			name = Release;
		};
		4D8D07FD207C9B2000519D89 /* Debug */ = {
			isa = XCBuildConfiguration;
			buildSettings = {
				ASSETCATALOG_COMPILER_APPICON_NAME = AppIcon;
				CODE_SIGN_STYLE = Automatic;
				FRAMEWORK_SEARCH_PATHS = (
					"$(inherited)",
					"$(PROJECT_DIR)/build/konan/bin/iphone_sim",
				);
				INFOPLIST_FILE = "chapter-ios/Info.plist";
				LD_RUNPATH_SEARCH_PATHS = (
					"$(inherited)",
					"@executable_path/Frameworks",
				);
				PRODUCT_BUNDLE_IDENTIFIER = "com.gilson.chapter-ios";
				PRODUCT_NAME = "$(TARGET_NAME)";
				SWIFT_VERSION = 4.0;
				TARGETED_DEVICE_FAMILY = "1,2";
			};
			name = Debug;
		};
		4D8D07FE207C9B2000519D89 /* Release */ = {
			isa = XCBuildConfiguration;
			buildSettings = {
				ASSETCATALOG_COMPILER_APPICON_NAME = AppIcon;
				CODE_SIGN_STYLE = Automatic;
				FRAMEWORK_SEARCH_PATHS = (
					"$(inherited)",
					"$(PROJECT_DIR)/build/konan/bin/iphone_sim",
				);
				INFOPLIST_FILE = "chapter-ios/Info.plist";
				LD_RUNPATH_SEARCH_PATHS = (
					"$(inherited)",
					"@executable_path/Frameworks",
				);
				PRODUCT_BUNDLE_IDENTIFIER = "com.gilson.chapter-ios";
				PRODUCT_NAME = "$(TARGET_NAME)";
				SWIFT_VERSION = 4.0;
				TARGETED_DEVICE_FAMILY = "1,2";
			};
			name = Release;
		};
		4D8D0800207C9B2000519D89 /* Debug */ = {
			isa = XCBuildConfiguration;
			buildSettings = {
				ALWAYS_EMBED_SWIFT_STANDARD_LIBRARIES = YES;
				BUNDLE_LOADER = "$(TEST_HOST)";
				CODE_SIGN_STYLE = Automatic;
				INFOPLIST_FILE = "chapter-iosTests/Info.plist";
				LD_RUNPATH_SEARCH_PATHS = (
					"$(inherited)",
					"@executable_path/Frameworks",
					"@loader_path/Frameworks",
				);
				PRODUCT_BUNDLE_IDENTIFIER = "com.gilson.chapter-iosTests";
				PRODUCT_NAME = "$(TARGET_NAME)";
				SWIFT_VERSION = 4.0;
				TARGETED_DEVICE_FAMILY = "1,2";
				TEST_HOST = "$(BUILT_PRODUCTS_DIR)/chapter-ios.app/chapter-ios";
			};
			name = Debug;
		};
		4D8D0801207C9B2000519D89 /* Release */ = {
			isa = XCBuildConfiguration;
			buildSettings = {
				ALWAYS_EMBED_SWIFT_STANDARD_LIBRARIES = YES;
				BUNDLE_LOADER = "$(TEST_HOST)";
				CODE_SIGN_STYLE = Automatic;
				INFOPLIST_FILE = "chapter-iosTests/Info.plist";
				LD_RUNPATH_SEARCH_PATHS = (
					"$(inherited)",
					"@executable_path/Frameworks",
					"@loader_path/Frameworks",
				);
				PRODUCT_BUNDLE_IDENTIFIER = "com.gilson.chapter-iosTests";
				PRODUCT_NAME = "$(TARGET_NAME)";
				SWIFT_VERSION = 4.0;
				TARGETED_DEVICE_FAMILY = "1,2";
				TEST_HOST = "$(BUILT_PRODUCTS_DIR)/chapter-ios.app/chapter-ios";
			};
			name = Release;
		};
		4D8D0803207C9B2000519D89 /* Debug */ = {
			isa = XCBuildConfiguration;
			buildSettings = {
				ALWAYS_EMBED_SWIFT_STANDARD_LIBRARIES = YES;
				CODE_SIGN_STYLE = Automatic;
				INFOPLIST_FILE = "chapter-iosUITests/Info.plist";
				LD_RUNPATH_SEARCH_PATHS = (
					"$(inherited)",
					"@executable_path/Frameworks",
					"@loader_path/Frameworks",
				);
				PRODUCT_BUNDLE_IDENTIFIER = "com.gilson.chapter-iosUITests";
				PRODUCT_NAME = "$(TARGET_NAME)";
				SWIFT_VERSION = 4.0;
				TARGETED_DEVICE_FAMILY = "1,2";
				TEST_TARGET_NAME = "chapter-ios";
			};
			name = Debug;
		};
		4D8D0804207C9B2000519D89 /* Release */ = {
			isa = XCBuildConfiguration;
			buildSettings = {
				ALWAYS_EMBED_SWIFT_STANDARD_LIBRARIES = YES;
				CODE_SIGN_STYLE = Automatic;
				INFOPLIST_FILE = "chapter-iosUITests/Info.plist";
				LD_RUNPATH_SEARCH_PATHS = (
					"$(inherited)",
					"@executable_path/Frameworks",
					"@loader_path/Frameworks",
				);
				PRODUCT_BUNDLE_IDENTIFIER = "com.gilson.chapter-iosUITests";
				PRODUCT_NAME = "$(TARGET_NAME)";
				SWIFT_VERSION = 4.0;
				TARGETED_DEVICE_FAMILY = "1,2";
				TEST_TARGET_NAME = "chapter-ios";
			};
			name = Release;
		};
/* End XCBuildConfiguration section */

/* Begin XCConfigurationList section */
		4D8D07CF207C9B1E00519D89 /* Build configuration list for PBXProject "chapter-ios" */ = {
			isa = XCConfigurationList;
			buildConfigurations = (
				4D8D07FA207C9B2000519D89 /* Debug */,
				4D8D07FB207C9B2000519D89 /* Release */,
			);
			defaultConfigurationIsVisible = 0;
			defaultConfigurationName = Release;
		};
		4D8D07FC207C9B2000519D89 /* Build configuration list for PBXNativeTarget "chapter-ios" */ = {
			isa = XCConfigurationList;
			buildConfigurations = (
				4D8D07FD207C9B2000519D89 /* Debug */,
				4D8D07FE207C9B2000519D89 /* Release */,
			);
			defaultConfigurationIsVisible = 0;
			defaultConfigurationName = Release;
		};
		4D8D07FF207C9B2000519D89 /* Build configuration list for PBXNativeTarget "chapter-iosTests" */ = {
			isa = XCConfigurationList;
			buildConfigurations = (
				4D8D0800207C9B2000519D89 /* Debug */,
				4D8D0801207C9B2000519D89 /* Release */,
			);
			defaultConfigurationIsVisible = 0;
			defaultConfigurationName = Release;
		};
		4D8D0802207C9B2000519D89 /* Build configuration list for PBXNativeTarget "chapter-iosUITests" */ = {
			isa = XCConfigurationList;
			buildConfigurations = (
				4D8D0803207C9B2000519D89 /* Debug */,
				4D8D0804207C9B2000519D89 /* Release */,
			);
			defaultConfigurationIsVisible = 0;
			defaultConfigurationName = Release;
		};
/* End XCConfigurationList section */
	};
	rootObject = 4D8D07CC207C9B1E00519D89 /* Project object */;
}
